dependencies:
- name: traefik
  repository: https://traefik.github.io/charts
  version: 37.4.0
- name: zitadel
  repository: https://charts.zitadel.com
  version: 9.13.0
- name: postgresql
  repository: https://charts.bitnami.com/bitnami
  version: 18.1.11
- name: oauth2-proxy
  repository: https://oauth2-proxy.github.io/manifests
  version: 9.0.0
- name: dagster
  repository: https://dagster-io.github.io/helm
  version: 1.13.20
digest: sha256:02723d84761468607d8e2cfa5a8b0c05602a7a7009b5ed2dda7b1b4c6bce0348
generated: "2026-10-06T23:23:01.555454+02:00"
